
Microsoft Visual Studio Solution File, Format Version 12.00
# Visual Studio Version 16
VisualStudioVersion = 16.0.31424.327
MinimumVisualStudioVersion = 10.0.40219.1
Project("{FAE04EC0-301F-11D3-BF4B-00C04F79EFBC}") = "WOPR Console", "WOPR Console.csproj", "{94DA6C6A-3DC9-4BD8-A8D6-9390C6B7FB09}"
EndProject
Global
	GlobalSection(SolutionConfigurationPlatforms) = preSolution
		Debug|Any CPU = Debug|Any CPU
		Release|Any CPU = Release|Any CPU
	EndGlobalSection
	GlobalSection(ProjectConfigurationPlatforms) = postSolution
		{94DA6C6A-3DC9-4BD8-A8D6-9390C6B7FB09}.Debug|Any CPU.ActiveCfg = Debug|Any CPU
		{94DA6C6A-3DC9-4BD8-A8D6-9390C6B7FB09}.Debug|Any CPU.Build.0 = Debug|Any CPU
		{94DA6C6A-3DC9-4BD8-A8D6-9390C6B7FB09}.Release|Any CPU.ActiveCfg = Release|Any CPU
		{94DA6C6A-3DC9-4BD8-A8D6-9390C6B7FB09}.Release|Any CPU.Build.0 = Release|Any CPU
	EndGlobalSection
	GlobalSection(SolutionProperties) = preSolution
		HideSolutionNode = FALSE
	EndGlobalSection
	GlobalSection(ExtensibilityGlobals) = postSolution
		SolutionGuid = {78D55033-7426-4B8F-B425-AB070C32B4B7}
	EndGlobalSection
EndGlobal
